
Microsoft Visual Studio Solution File, Format Version 12.00
# Visual Studio Version 16
VisualStudioVersion = 25.0.1706.4
MinimumVisualStudioVersion = 10.0.40219.1
Project("{FAE04EC0-301F-11D3-BF4B-00C04F79EFBC}") = "Main", "Main\Main.csproj", "{B2867593-D448-45B5-8405-891C40C90D20}"
EndProject
Project("{2150E333-8FDC-42A3-9474-1A3956D46DE8}") = "Solution Items", "Solution Items", "{C720C210-3ED1-4914-B346-C8DC4AE03D0A}"
EndProject
Global
	GlobalSection(SolutionConfigurationPlatforms) = preSolution
		Debug|Any CPU = Debug|Any CPU
		Release|Any CPU = Release|Any CPU
	EndGlobalSection
	GlobalSection(ProjectConfigurationPlatforms) = postSolution
		{B2867593-D448-45B5-8405-891C40C90D20}.Debug|Any CPU.ActiveCfg = Debug|Any CPU
		{B2867593-D448-45B5-8405-891C40C90D20}.Debug|Any CPU.Build.0 = Debug|Any CPU
		{B2867593-D448-45B5-8405-891C40C90D20}.Release|Any CPU.ActiveCfg = Release|Any CPU
		{B2867593-D448-45B5-8405-891C40C90D20}.Release|Any CPU.Build.0 = Release|Any CPU
	EndGlobalSection
	GlobalSection(SolutionProperties) = preSolution
		HideSolutionNode = FALSE
	EndGlobalSection
	GlobalSection(ExtensibilityGlobals) = postSolution
		SolutionGuid = {A9E9FCD2-1853-4A84-A977-6BA89EBE41B0}
	EndGlobalSection
EndGlobal
